
Microsoft Visual Studio Solution File, Format Version 12.00
# Visual Studio Version 17
VisualStudioVersion = 17.6.33723.286
MinimumVisualStudioVersion = 10.0.40219.1
Project("{FAE04EC0-301F-11D3-BF4B-00C04F79EFBC}") = "Drugstore", "Drugstore.csproj", "{C2991437-2779-483B-A9ED-906B30EE33ED}"
EndProject
Global
	GlobalSection(SolutionConfigurationPlatforms) = preSolution
		Debug|Any CPU = Debug|Any CPU
		Release|Any CPU = Release|Any CPU
	EndGlobalSection
	GlobalSection(ProjectConfigurationPlatforms) = postSolution
		{C2991437-2779-483B-A9ED-906B30EE33ED}.Debug|Any CPU.ActiveCfg = Debug|Any CPU
		{C2991437-2779-483B-A9ED-906B30EE33ED}.Debug|Any CPU.Build.0 = Debug|Any CPU
		{C2991437-2779-483B-A9ED-906B30EE33ED}.Release|Any CPU.ActiveCfg = Release|Any CPU
		{C2991437-2779-483B-A9ED-906B30EE33ED}.Release|Any CPU.Build.0 = Release|Any CPU
	EndGlobalSection
	GlobalSection(SolutionProperties) = preSolution
		HideSolutionNode = FALSE
	EndGlobalSection
	GlobalSection(ExtensibilityGlobals) = postSolution
		SolutionGuid = {DC613F82-CC97-40B7-A3B7-43AD545374A3}
	EndGlobalSection
EndGlobal
